// !$*UTF8*$!
{
	archiveVersion = 1;
	classes = {
	};
	objectVersion = 55;
	objects = {

/* Begin PBXBuildFile section */
		26BD48D3283DF34500E0C48C /* Tests_iOS.swift in Sources */ = {isa = PBXBuildFile; fileRef = 26BD48D2283DF34500E0C48C /* Tests_iOS.swift */; };
		26BD48D5283DF34500E0C48C /* Tests_iOSLaunchTests.swift in Sources */ = {isa = PBXBuildFile; fileRef = 26BD48D4283DF34500E0C48C /* Tests_iOSLaunchTests.swift */; };
		26BD48DF283DF34500E0C48C /* Tests_macOS.swift in Sources */ = {isa = PBXBuildFile; fileRef = 26BD48DE283DF34500E0C48C /* Tests_macOS.swift */; };
		26BD48E1283DF34500E0C48C /* Tests_macOSLaunchTests.swift in Sources */ = {isa = PBXBuildFile; fileRef = 26BD48E0283DF34500E0C48C /* Tests_macOSLaunchTests.swift */; };
		26BD48E2283DF34500E0C48C /* HomePageForYouDemoProjectApp.swift in Sources */ = {isa = PBXBuildFile; fileRef = 26BD48BA283DF34300E0C48C /* HomePageForYouDemoProjectApp.swift */; };
		26BD48E3283DF34500E0C48C /* HomePageForYouDemoProjectApp.swift in Sources */ = {isa = PBXBuildFile; fileRef = 26BD48BA283DF34300E0C48C /* HomePageForYouDemoProjectApp.swift */; };
		26BD48E4283DF34500E0C48C /* ContentView.swift in Sources */ = {isa = PBXBuildFile; fileRef = 26BD48BB283DF34300E0C48C /* ContentView.swift */; };
		26BD48E5283DF34500E0C48C /* ContentView.swift in Sources */ = {isa = PBXBuildFile; fileRef = 26BD48BB283DF34300E0C48C /* ContentView.swift */; };
		26BD48E6283DF34500E0C48C /* Assets.xcassets in Resources */ = {isa = PBXBuildFile; fileRef = 26BD48BC283DF34500E0C48C /* Assets.xcassets */; };
		26BD48E7283DF34500E0C48C /* Assets.xcassets in Resources */ = {isa = PBXBuildFile; fileRef = 26BD48BC283DF34500E0C48C /* Assets.xcassets */; };
/* End PBXBuildFile section */

/* Begin PBXContainerItemProxy section */
		26BD48CF283DF34500E0C48C /* PBXContainerItemProxy */ = {
			isa = PBXContainerItemProxy;
			containerPortal = 26BD48B5283DF34300E0C48C /* Project object */;
			proxyType = 1;
			remoteGlobalIDString = 26BD48C0283DF34500E0C48C;
			remoteInfo = "HomePageForYouDemoProject (iOS)";
		};
		26BD48DB283DF34500E0C48C /* PBXContainerItemProxy */ = {
			isa = PBXContainerItemProxy;
			containerPortal = 26BD48B5283DF34300E0C48C /* Project object */;
			proxyType = 1;
			remoteGlobalIDString = 26BD48C6283DF34500E0C48C;
			remoteInfo = "HomePageForYouDemoProject (macOS)";
		};
/* End PBXContainerItemProxy section */

/* Begin PBXFileReference section */
		26BD48BA283DF34300E0C48C /* HomePageForYouDemoProjectApp.swift */ = {isa = PBXFileReference; lastKnownFileType = sourcecode.swift; path = HomePageForYouDemoProjectApp.swift; sourceTree = "<group>"; };
		26BD48BB283DF34300E0C48C /* ContentView.swift */ = {isa = PBXFileReference; lastKnownFileType = sourcecode.swift; path = ContentView.swift; sourceTree = "<group>"; };
		26BD48BC283DF34500E0C48C /* Assets.xcassets */ = {isa = PBXFileReference; lastKnownFileType = folder.assetcatalog; path = Assets.xcassets; sourceTree = "<group>"; };
		26BD48C1283DF34500E0C48C /* HomePageForYouDemoProject.app */ = {isa = PBXFileReference; explicitFileType = wrapper.application; includeInIndex = 0; path = HomePageForYouDemoProject.app; sourceTree = BUILT_PRODUCTS_DIR; };
		26BD48C7283DF34500E0C48C /* HomePageForYouDemoProject.app */ = {isa = PBXFileReference; explicitFileType = wrapper.application; includeInIndex = 0; path = HomePageForYouDemoProject.app; sourceTree = BUILT_PRODUCTS_DIR; };
		26BD48C9283DF34500E0C48C /* macOS.entitlements */ = {isa = PBXFileReference; lastKnownFileType = text.plist.entitlements; path = macOS.entitlements; sourceTree = "<group>"; };
		26BD48CE283DF34500E0C48C /* Tests iOS.xctest */ = {isa = PBXFileReference; explicitFileType = wrapper.cfbundle; includeInIndex = 0; path = "Tests iOS.xctest"; sourceTree = BUILT_PRODUCTS_DIR; };
		26BD48D2283DF34500E0C48C /* Tests_iOS.swift */ = {isa = PBXFileReference; lastKnownFileType = sourcecode.swift; path = Tests_iOS.swift; sourceTree = "<group>"; };
		26BD48D4283DF34500E0C48C /* Tests_iOSLaunchTests.swift */ = {isa = PBXFileReference; lastKnownFileType = sourcecode.swift; path = Tests_iOSLaunchTests.swift; sourceTree = "<group>"; };
		26BD48DA283DF34500E0C48C /* Tests macOS.xctest */ = {isa = PBXFileReference; explicitFileType = wrapper.cfbundle; includeInIndex = 0; path = "Tests macOS.xctest"; sourceTree = BUILT_PRODUCTS_DIR; };
		26BD48DE283DF34500E0C48C /* Tests_macOS.swift */ = {isa = PBXFileReference; lastKnownFileType = sourcecode.swift; path = Tests_macOS.swift; sourceTree = "<group>"; };
		26BD48E0283DF34500E0C48C /* Tests_macOSLaunchTests.swift */ = {isa = PBXFileReference; lastKnownFileType = sourcecode.swift; path = Tests_macOSLaunchTests.swift; sourceTree = "<group>"; };
/* End PBXFileReference section */

/* Begin PBXFrameworksBuildPhase section */
		26BD48BE283DF34500E0C48C /* Frameworks */ = {
			isa = PBXFrameworksBuildPhase;
			buildActionMask = 2147483647;
			files = (
			);
			runOnlyForDeploymentPostprocessing = 0;
		};
		26BD48C4283DF34500E0C48C /* Frameworks */ = {
			isa = PBXFrameworksBuildPhase;
			buildActionMask = 2147483647;
			files = (
			);
			runOnlyForDeploymentPostprocessing = 0;
		};
		26BD48CB283DF34500E0C48C /* Frameworks */ = {
			isa = PBXFrameworksBuildPhase;
			buildActionMask = 2147483647;
			files = (
			);
			runOnlyForDeploymentPostprocessing = 0;
		};
		26BD48D7283DF34500E0C48C /* Frameworks */ = {
			isa = PBXFrameworksBuildPhase;
			buildActionMask = 2147483647;
			files = (
			);
			runOnlyForDeploymentPostprocessing = 0;
		};
/* End PBXFrameworksBuildPhase section */

/* Begin PBXGroup section */
		26BD48B4283DF34300E0C48C = {
			isa = PBXGroup;
			children = (
				26BD48B9283DF34300E0C48C /* Shared */,
				26BD48C8283DF34500E0C48C /* macOS */,
				26BD48D1283DF34500E0C48C /* Tests iOS */,
				26BD48DD283DF34500E0C48C /* Tests macOS */,
				26BD48C2283DF34500E0C48C /* Products */,
			);
			sourceTree = "<group>";
		};
		26BD48B9283DF34300E0C48C /* Shared */ = {
			isa = PBXGroup;
			children = (
				26BD48BA283DF34300E0C48C /* HomePageForYouDemoProjectApp.swift */,
				26BD48BB283DF34300E0C48C /* ContentView.swift */,
				26BD48BC283DF34500E0C48C /* Assets.xcassets */,
			);
			path = Shared;
			sourceTree = "<group>";
		};
		26BD48C2283DF34500E0C48C /* Products */ = {
			isa = PBXGroup;
			children = (
				26BD48C1283DF34500E0C48C /* HomePageForYouDemoProject.app */,
				26BD48C7283DF34500E0C48C /* HomePageForYouDemoProject.app */,
				26BD48CE283DF34500E0C48C /* Tests iOS.xctest */,
				26BD48DA283DF34500E0C48C /* Tests macOS.xctest */,
			);
			name = Products;
			sourceTree = "<group>";
		};
		26BD48C8283DF34500E0C48C /* macOS */ = {
			isa = PBXGroup;
			children = (
				26BD48C9283DF34500E0C48C /* macOS.entitlements */,
			);
			path = macOS;
			sourceTree = "<group>";
		};
		26BD48D1283DF34500E0C48C /* Tests iOS */ = {
			isa = PBXGroup;
			children = (
				26BD48D2283DF34500E0C48C /* Tests_iOS.swift */,
				26BD48D4283DF34500E0C48C /* Tests_iOSLaunchTests.swift */,
			);
			path = "Tests iOS";
			sourceTree = "<group>";
		};
		26BD48DD283DF34500E0C48C /* Tests macOS */ = {
			isa = PBXGroup;
			children = (
				26BD48DE283DF34500E0C48C /* Tests_macOS.swift */,
				26BD48E0283DF34500E0C48C /* Tests_macOSLaunchTests.swift */,
			);
			path = "Tests macOS";
			sourceTree = "<group>";
		};
/* End PBXGroup section */

/* Begin PBXNativeTarget section */
		26BD48C0283DF34500E0C48C /* HomePageForYouDemoProject (iOS) */ = {
			isa = PBXNativeTarget;
			buildConfigurationList = 26BD48EA283DF34500E0C48C /* Build configuration list for PBXNativeTarget "HomePageForYouDemoProject (iOS)" */;
			buildPhases = (
				26BD48BD283DF34500E0C48C /* Sources */,
				26BD48BE283DF34500E0C48C /* Frameworks */,
				26BD48BF283DF34500E0C48C /* Resources */,
			);
			buildRules = (
			);
			dependencies = (
			);
			name = "HomePageForYouDemoProject (iOS)";
			productName = "HomePageForYouDemoProject (iOS)";
			productReference = 26BD48C1283DF34500E0C48C /* HomePageForYouDemoProject.app */;
			productType = "com.apple.product-type.application";
		};
		26BD48C6283DF34500E0C48C /* HomePageForYouDemoProject (macOS) */ = {
			isa = PBXNativeTarget;
			buildConfigurationList = 26BD48ED283DF34500E0C48C /* Build configuration list for PBXNativeTarget "HomePageForYouDemoProject (macOS)" */;
			buildPhases = (
				26BD48C3283DF34500E0C48C /* Sources */,
				26BD48C4283DF34500E0C48C /* Frameworks */,
				26BD48C5283DF34500E0C48C /* Resources */,
			);
			buildRules = (
			);
			dependencies = (
			);
			name = "HomePageForYouDemoProject (macOS)";
			productName = "HomePageForYouDemoProject (macOS)";
			productReference = 26BD48C7283DF34500E0C48C /* HomePageForYouDemoProject.app */;
			productType = "com.apple.product-type.application";
		};
		26BD48CD283DF34500E0C48C /* Tests iOS */ = {
			isa = PBXNativeTarget;
			buildConfigurationList = 26BD48F0283DF34500E0C48C /* Build configuration list for PBXNativeTarget "Tests iOS" */;
			buildPhases = (
				26BD48CA283DF34500E0C48C /* Sources */,
				26BD48CB283DF34500E0C48C /* Frameworks */,
				26BD48CC283DF34500E0C48C /* Resources */,
			);
			buildRules = (
			);
			dependencies = (
				26BD48D0283DF34500E0C48C /* PBXTargetDependency */,
			);
			name = "Tests iOS";
			productName = "Tests iOS";
			productReference = 26BD48CE283DF34500E0C48C /* Tests iOS.xctest */;
			productType = "com.apple.product-type.bundle.ui-testing";
		};
		26BD48D9283DF34500E0C48C /* Tests macOS */ = {
			isa = PBXNativeTarget;
			buildConfigurationList = 26BD48F3283DF34500E0C48C /* Build configuration list for PBXNativeTarget "Tests macOS" */;
			buildPhases = (
				26BD48D6283DF34500E0C48C /* Sources */,
				26BD48D7283DF34500E0C48C /* Frameworks */,
				26BD48D8283DF34500E0C48C /* Resources */,
			);
			buildRules = (
			);
			dependencies = (
				26BD48DC283DF34500E0C48C /* PBXTargetDependency */,
			);
			name = "Tests macOS";
			productName = "Tests macOS";
			productReference = 26BD48DA283DF34500E0C48C /* Tests macOS.xctest */;
			productType = "com.apple.product-type.bundle.ui-testing";
		};
/* End PBXNativeTarget section */

/* Begin PBXProject section */
		26BD48B5283DF34300E0C48C /* Project object */ = {
			isa = PBXProject;
			attributes = {
				BuildIndependentTargetsInParallel = 1;
				LastSwiftUpdateCheck = 1320;
				LastUpgradeCheck = 1320;
				TargetAttributes = {
					26BD48C0283DF34500E0C48C = {
						CreatedOnToolsVersion = 13.2.1;
					};
					26BD48C6283DF34500E0C48C = {
						CreatedOnToolsVersion = 13.2.1;
					};
					26BD48CD283DF34500E0C48C = {
						CreatedOnToolsVersion = 13.2.1;
						TestTargetID = 26BD48C0283DF34500E0C48C;
					};
					26BD48D9283DF34500E0C48C = {
						CreatedOnToolsVersion = 13.2.1;
						TestTargetID = 26BD48C6283DF34500E0C48C;
					};
				};
			};
			buildConfigurationList = 26BD48B8283DF34300E0C48C /* Build configuration list for PBXProject "HomePageForYouDemoProject" */;
			compatibilityVersion = "Xcode 13.0";
			developmentRegion = en;
			hasScannedForEncodings = 0;
			knownRegions = (
				en,
				Base,
			);
			mainGroup = 26BD48B4283DF34300E0C48C;
			productRefGroup = 26BD48C2283DF34500E0C48C /* Products */;
			projectDirPath = "";
			projectRoot = "";
			targets = (
				26BD48C0283DF34500E0C48C /* HomePageForYouDemoProject (iOS) */,
				26BD48C6283DF34500E0C48C /* HomePageForYouDemoProject (macOS) */,
				26BD48CD283DF34500E0C48C /* Tests iOS */,
				26BD48D9283DF34500E0C48C /* Tests macOS */,
			);
		};
/* End PBXProject section */

/* Begin PBXResourcesBuildPhase section */
		26BD48BF283DF34500E0C48C /* Resources */ = {
			isa = PBXResourcesBuildPhase;
			buildActionMask = 2147483647;
			files = (
				26BD48E6283DF34500E0C48C /* Assets.xcassets in Resources */,
			);
			runOnlyForDeploymentPostprocessing = 0;
		};
		26BD48C5283DF34500E0C48C /* Resources */ = {
			isa = PBXResourcesBuildPhase;
			buildActionMask = 2147483647;
			files = (
				26BD48E7283DF34500E0C48C /* Assets.xcassets in Resources */,
			);
			runOnlyForDeploymentPostprocessing = 0;
		};
		26BD48CC283DF34500E0C48C /* Resources */ = {
			isa = PBXResourcesBuildPhase;
			buildActionMask = 2147483647;
			files = (
			);
			runOnlyForDeploymentPostprocessing = 0;
		};
		26BD48D8283DF34500E0C48C /* Resources */ = {
			isa = PBXResourcesBuildPhase;
			buildActionMask = 2147483647;
			files = (
			);
			runOnlyForDeploymentPostprocessing = 0;
		};
/* End PBXResourcesBuildPhase section */

/* Begin PBXSourcesBuildPhase section */
		26BD48BD283DF34500E0C48C /* Sources */ = {
			isa = PBXSourcesBuildPhase;
			buildActionMask = 2147483647;
			files = (
				26BD48E4283DF34500E0C48C /* ContentView.swift in Sources */,
				26BD48E2283DF34500E0C48C /* HomePageForYouDemoProjectApp.swift in Sources */,
			);
			runOnlyForDeploymentPostprocessing = 0;
		};
		26BD48C3283DF34500E0C48C /* Sources */ = {
			isa = PBXSourcesBuildPhase;
			buildActionMask = 2147483647;
			files = (
				26BD48E5283DF34500E0C48C /* ContentView.swift in Sources */,
				26BD48E3283DF34500E0C48C /* HomePageForYouDemoProjectApp.swift in Sources */,
			);
			runOnlyForDeploymentPostprocessing = 0;
		};
		26BD48CA283DF34500E0C48C /* Sources */ = {
			isa = PBXSourcesBuildPhase;
			buildActionMask = 2147483647;
			files = (
				26BD48D5283DF34500E0C48C /* Tests_iOSLaunchTests.swift in Sources */,
				26BD48D3283DF34500E0C48C /* Tests_iOS.swift in Sources */,
			);
			runOnlyForDeploymentPostprocessing = 0;
		};
		26BD48D6283DF34500E0C48C /* Sources */ = {
			isa = PBXSourcesBuildPhase;
			buildActionMask = 2147483647;
			files = (
				26BD48E1283DF34500E0C48C /* Tests_macOSLaunchTests.swift in Sources */,
				26BD48DF283DF34500E0C48C /* Tests_macOS.swift in Sources */,
			);
			runOnlyForDeploymentPostprocessing = 0;
		};
/* End PBXSourcesBuildPhase section */

/* Begin PBXTargetDependency section */
		26BD48D0283DF34500E0C48C /* PBXTargetDependency */ = {
			isa = PBXTargetDependency;
			target = 26BD48C0283DF34500E0C48C /* HomePageForYouDemoProject (iOS) */;
			targetProxy = 26BD48CF283DF34500E0C48C /* PBXContainerItemProxy */;
		};
		26BD48DC283DF34500E0C48C /* PBXTargetDependency */ = {
			isa = PBXTargetDependency;
			target = 26BD48C6283DF34500E0C48C /* HomePageForYouDemoProject (macOS) */;
			targetProxy = 26BD48DB283DF34500E0C48C /* PBXContainerItemProxy */;
		};
/* End PBXTargetDependency section */

/* Begin XCBuildConfiguration section */
		26BD48E8283DF34500E0C48C /* Debug */ = {
			isa = XCBuildConfiguration;
			buildSettings = {
				ALWAYS_SEARCH_USER_PATHS = NO;
				CLANG_ANALYZER_NONNULL = YES;
				CLANG_ANALYZER_NUMBER_OBJECT_CONVERSION = YES_AGGRESSIVE;
				CLANG_CXX_LANGUAGE_STANDARD = "gnu++17";
				CLANG_CXX_LIBRARY = "libc++";
				CLANG_ENABLE_MODULES = YES;
				CLANG_ENABLE_OBJC_ARC = YES;
				CLANG_ENABLE_OBJC_WEAK = YES;
				CLANG_WARN_BLOCK_CAPTURE_AUTORELEASING = YES;
				CLANG_WARN_BOOL_CONVERSION = YES;
				CLANG_WARN_COMMA = YES;
				CLANG_WARN_CONSTANT_CONVERSION = YES;
				CLANG_WARN_DEPRECATED_OBJC_IMPLEMENTATIONS = YES;
				CLANG_WARN_DIRECT_OBJC_ISA_USAGE = YES_ERROR;
				CLANG_WARN_DOCUMENTATION_COMMENTS = YES;
				CLANG_WARN_EMPTY_BODY = YES;
				CLANG_WARN_ENUM_CONVERSION = YES;
				CLANG_WARN_INFINITE_RECURSION = YES;
				CLANG_WARN_INT_CONVERSION = YES;
				CLANG_WARN_NON_LITERAL_NULL_CONVERSION = YES;
				CLANG_WARN_OBJC_IMPLICIT_RETAIN_SELF = YES;
				CLANG_WARN_OBJC_LITERAL_CONVERSION = YES;
				CLANG_WARN_OBJC_ROOT_CLASS = YES_ERROR;
				CLANG_WARN_QUOTED_INCLUDE_IN_FRAMEWORK_HEADER = YES;
				CLANG_WARN_RANGE_LOOP_ANALYSIS = YES;
				CLANG_WARN_STRICT_PROTOTYPES = YES;
				CLANG_WARN_SUSPICIOUS_MOVE = YES;
				CLANG_WARN_UNGUARDED_AVAILABILITY = YES_AGGRESSIVE;
				CLANG_WARN_UNREACHABLE_CODE = YES;
				CLANG_WARN__DUPLICATE_METHOD_MATCH = YES;
				COPY_PHASE_STRIP = NO;
				DEBUG_INFORMATION_FORMAT = dwarf;
				ENABLE_STRICT_OBJC_MSGSEND = YES;
				ENABLE_TESTABILITY = YES;
				GCC_C_LANGUAGE_STANDARD = gnu11;
				GCC_DYNAMIC_NO_PIC = NO;
				GCC_NO_COMMON_BLOCKS = YES;
				GCC_OPTIMIZATION_LEVEL = 0;
				GCC_PREPROCESSOR_DEFINITIONS = (
					"DEBUG=1",
					"$(inherited)",
				);
				GCC_WARN_64_TO_32_BIT_CONVERSION = YES;
				GCC_WARN_ABOUT_RETURN_TYPE = YES_ERROR;
				GCC_WARN_UNDECLARED_SELECTOR = YES;
				GCC_WARN_UNINITIALIZED_AUTOS = YES_AGGRESSIVE;
				GCC_WARN_UNUSED_FUNCTION = YES;
				GCC_WARN_UNUSED_VARIABLE = YES;
				MTL_ENABLE_DEBUG_INFO = INCLUDE_SOURCE;
				MTL_FAST_MATH = YES;
				ONLY_ACTIVE_ARCH = YES;
				SWIFT_ACTIVE_COMPILATION_CONDITIONS = DEBUG;
				SWIFT_OPTIMIZATION_LEVEL = "-Onone";
			};
			name = Debug;
		};
		26BD48E9283DF34500E0C48C /* Release */ = {
			isa = XCBuildConfiguration;
			buildSettings = {
				ALWAYS_SEARCH_USER_PATHS = NO;
				CLANG_ANALYZER_NONNULL = YES;
				CLANG_ANALYZER_NUMBER_OBJECT_CONVERSION = YES_AGGRESSIVE;
				CLANG_CXX_LANGUAGE_STANDARD = "gnu++17";
				CLANG_CXX_LIBRARY = "libc++";
				CLANG_ENABLE_MODULES = YES;
				CLANG_ENABLE_OBJC_ARC = YES;
				CLANG_ENABLE_OBJC_WEAK = YES;
				CLANG_WARN_BLOCK_CAPTURE_AUTORELEASING = YES;
				CLANG_WARN_BOOL_CONVERSION = YES;
				CLANG_WARN_COMMA = YES;
				CLANG_WARN_CONSTANT_CONVERSION = YES;
				CLANG_WARN_DEPRECATED_OBJC_IMPLEMENTATIONS = YES;
				CLANG_WARN_DIRECT_OBJC_ISA_USAGE = YES_ERROR;
				CLANG_WARN_DOCUMENTATION_COMMENTS = YES;
				CLANG_WARN_EMPTY_BODY = YES;
				CLANG_WARN_ENUM_CONVERSION = YES;
				CLANG_WARN_INFINITE_RECURSION = YES;
				CLANG_WARN_INT_CONVERSION = YES;
				CLANG_WARN_NON_LITERAL_NULL_CONVERSION = YES;
				CLANG_WARN_OBJC_IMPLICIT_RETAIN_SELF = YES;
				CLANG_WARN_OBJC_LITERAL_CONVERSION = YES;
				CLANG_WARN_OBJC_ROOT_CLASS = YES_ERROR;
				CLANG_WARN_QUOTED_INCLUDE_IN_FRAMEWORK_HEADER = YES;
				CLANG_WARN_RANGE_LOOP_ANALYSIS = YES;
				CLANG_WARN_STRICT_PROTOTYPES = YES;
				CLANG_WARN_SUSPICIOUS_MOVE = YES;
				CLANG_WARN_UNGUARDED_AVAILABILITY = YES_AGGRESSIVE;
				CLANG_WARN_UNREACHABLE_CODE = YES;
				CLANG_WARN__DUPLICATE_METHOD_MATCH = YES;
				COPY_PHASE_STRIP = NO;
				DEBUG_INFORMATION_FORMAT = "dwarf-with-dsym";
				ENABLE_NS_ASSERTIONS = NO;
				ENABLE_STRICT_OBJC_MSGSEND = YES;
				GCC_C_LANGUAGE_STANDARD = gnu11;
				GCC_NO_COMMON_BLOCKS = YES;
				GCC_WARN_64_TO_32_BIT_CONVERSION = YES;
				GCC_WARN_ABOUT_RETURN_TYPE = YES_ERROR;
				GCC_WARN_UNDECLARED_SELECTOR = YES;
				GCC_WARN_UNINITIALIZED_AUTOS = YES_AGGRESSIVE;
				GCC_WARN_UNUSED_FUNCTION = YES;
				GCC_WARN_UNUSED_VARIABLE = YES;
				MTL_ENABLE_DEBUG_INFO = NO;
				MTL_FAST_MATH = YES;
				SWIFT_COMPILATION_MODE = wholemodule;
				SWIFT_OPTIMIZATION_LEVEL = "-O";
			};
			name = Release;
		};
		26BD48EB283DF34500E0C48C /* Debug */ = {
			isa = XCBuildConfiguration;
			buildSettings = {
				ASSETCATALOG_COMPILER_APPICON_NAME = AppIcon;
				ASSETCATALOG_COMPILER_GLOBAL_ACCENT_COLOR_NAME = AccentColor;
				CODE_SIGN_STYLE = Automatic;
				CURRENT_PROJECT_VERSION = 1;
				DEVELOPMENT_TEAM = P4YBSJEM3U;
				ENABLE_PREVIEWS = YES;
				GENERATE_INFOPLIST_FILE = YES;
				INFOPLIST_KEY_UIApplicationSceneManifest_Generation = YES;
				INFOPLIST_KEY_UIApplicationSupportsIndirectInputEvents = YES;
				INFOPLIST_KEY_UILaunchScreen_Generation = YES;
				INFOPLIST_KEY_UISupportedInterfaceOrientations_iPad = "UIInterfaceOrientationPortrait UIInterfaceOrientationPortraitUpsideDown UIInterfaceOrientationLandscapeLeft UIInterfaceOrientationLandscapeRight";
				INFOPLIST_KEY_UISupportedInterfaceOrientations_iPhone = "UIInterfaceOrientationPortrait UIInterfaceOrientationLandscapeLeft UIInterfaceOrientationLandscapeRight";
				IPHONEOS_DEPLOYMENT_TARGET = 15.2;
				LD_RUNPATH_SEARCH_PATHS = (
					"$(inherited)",
					"@executable_path/Frameworks",
				);
				MARKETING_VERSION = 1.0;
				PRODUCT_BUNDLE_IDENTIFIER = com.taboola.HomePageForYouDemoProject.HomePageForYouDemoProject;
				PRODUCT_NAME = HomePageForYouDemoProject;
				SDKROOT = iphoneos;
				SWIFT_EMIT_LOC_STRINGS = YES;
				SWIFT_VERSION = 5.0;
				TARGETED_DEVICE_FAMILY = "1,2";
			};
			name = Debug;
		};
		26BD48EC283DF34500E0C48C /* Release */ = {
			isa = XCBuildConfiguration;
			buildSettings = {
				ASSETCATALOG_COMPILER_APPICON_NAME = AppIcon;
				ASSETCATALOG_COMPILER_GLOBAL_ACCENT_COLOR_NAME = AccentColor;
				CODE_SIGN_STYLE = Automatic;
				CURRENT_PROJECT_VERSION = 1;
				DEVELOPMENT_TEAM = P4YBSJEM3U;
				ENABLE_PREVIEWS = YES;
				GENERATE_INFOPLIST_FILE = YES;
				INFOPLIST_KEY_UIApplicationSceneManifest_Generation = YES;
				INFOPLIST_KEY_UIApplicationSupportsIndirectInputEvents = YES;
				INFOPLIST_KEY_UILaunchScreen_Generation = YES;
				INFOPLIST_KEY_UISupportedInterfaceOrientations_iPad = "UIInterfaceOrientationPortrait UIInterfaceOrientationPortraitUpsideDown UIInterfaceOrientationLandscapeLeft UIInterfaceOrientationLandscapeRight";
				INFOPLIST_KEY_UISupportedInterfaceOrientations_iPhone = "UIInterfaceOrientationPortrait UIInterfaceOrientationLandscapeLeft UIInterfaceOrientationLandscapeRight";
				IPHONEOS_DEPLOYMENT_TARGET = 15.2;
				LD_RUNPATH_SEARCH_PATHS = (
					"$(inherited)",
					"@executable_path/Frameworks",
				);
				MARKETING_VERSION = 1.0;
				PRODUCT_BUNDLE_IDENTIFIER = com.taboola.HomePageForYouDemoProject.HomePageForYouDemoProject;
				PRODUCT_NAME = HomePageForYouDemoProject;
				SDKROOT = iphoneos;
				SWIFT_EMIT_LOC_STRINGS = YES;
				SWIFT_VERSION = 5.0;
				TARGETED_DEVICE_FAMILY = "1,2";
				VALIDATE_PRODUCT = YES;
			};
			name = Release;
		};
		26BD48EE283DF34500E0C48C /* Debug */ = {
			isa = XCBuildConfiguration;
			buildSettings = {
				ASSETCATALOG_COMPILER_APPICON_NAME = AppIcon;
				ASSETCATALOG_COMPILER_GLOBAL_ACCENT_COLOR_NAME = AccentColor;
				CODE_SIGN_ENTITLEMENTS = macOS/macOS.entitlements;
				CODE_SIGN_STYLE = Automatic;
				COMBINE_HIDPI_IMAGES = YES;
				CURRENT_PROJECT_VERSION = 1;
				DEVELOPMENT_TEAM = P4YBSJEM3U;
				ENABLE_HARDENED_RUNTIME = YES;
				ENABLE_PREVIEWS = YES;
				GENERATE_INFOPLIST_FILE = YES;
				INFOPLIST_KEY_NSHumanReadableCopyright = "";
				LD_RUNPATH_SEARCH_PATHS = (
					"$(inherited)",
					"@executable_path/../Frameworks",
				);
				MACOSX_DEPLOYMENT_TARGET = 12.1;
				MARKETING_VERSION = 1.0;
				PRODUCT_BUNDLE_IDENTIFIER = com.taboola.HomePageForYouDemoProject.HomePageForYouDemoProject;
				PRODUCT_NAME = HomePageForYouDemoProject;
				SDKROOT = macosx;
				SWIFT_EMIT_LOC_STRINGS = YES;
				SWIFT_VERSION = 5.0;
			};
			name = Debug;
		};
		26BD48EF283DF34500E0C48C /* Release */ = {
			isa = XCBuildConfiguration;
			buildSettings = {
				ASSETCATALOG_COMPILER_APPICON_NAME = AppIcon;
				ASSETCATALOG_COMPILER_GLOBAL_ACCENT_COLOR_NAME = AccentColor;
				CODE_SIGN_ENTITLEMENTS = macOS/macOS.entitlements;
				CODE_SIGN_STYLE = Automatic;
				COMBINE_HIDPI_IMAGES = YES;
				CURRENT_PROJECT_VERSION = 1;
				DEVELOPMENT_TEAM = P4YBSJEM3U;
				ENABLE_HARDENED_RUNTIME = YES;
				ENABLE_PREVIEWS = YES;
				GENERATE_INFOPLIST_FILE = YES;
				INFOPLIST_KEY_NSHumanReadableCopyright = "";
				LD_RUNPATH_SEARCH_PATHS = (
					"$(inherited)",
					"@executable_path/../Frameworks",
				);
				MACOSX_DEPLOYMENT_TARGET = 12.1;
				MARKETING_VERSION = 1.0;
				PRODUCT_BUNDLE_IDENTIFIER = com.taboola.HomePageForYouDemoProject.HomePageForYouDemoProject;
				PRODUCT_NAME = HomePageForYouDemoProject;
				SDKROOT = macosx;
				SWIFT_EMIT_LOC_STRINGS = YES;
				SWIFT_VERSION = 5.0;
			};
			name = Release;
		};
		26BD48F1283DF34500E0C48C /* Debug */ = {
			isa = XCBuildConfiguration;
			buildSettings = {
				ALWAYS_EMBED_SWIFT_STANDARD_LIBRARIES = YES;
				CODE_SIGN_STYLE = Automatic;
				CURRENT_PROJECT_VERSION = 1;
				DEVELOPMENT_TEAM = P4YBSJEM3U;
				GENERATE_INFOPLIST_FILE = YES;
				IPHONEOS_DEPLOYMENT_TARGET = 15.2;
				MARKETING_VERSION = 1.0;
				PRODUCT_BUNDLE_IDENTIFIER = "com.taboola.HomePageForYouDemoProject.Tests-iOS";
				PRODUCT_NAME = "$(TARGET_NAME)";
				SDKROOT = iphoneos;
				SWIFT_EMIT_LOC_STRINGS = NO;
				SWIFT_VERSION = 5.0;
				TARGETED_DEVICE_FAMILY = "1,2";
				TEST_TARGET_NAME = "HomePageForYouDemoProject (iOS)";
			};
			name = Debug;
		};
		26BD48F2283DF34500E0C48C /* Release */ = {
			isa = XCBuildConfiguration;
			buildSettings = {
				ALWAYS_EMBED_SWIFT_STANDARD_LIBRARIES = YES;
				CODE_SIGN_STYLE = Automatic;
				CURRENT_PROJECT_VERSION = 1;
				DEVELOPMENT_TEAM = P4YBSJEM3U;
				GENERATE_INFOPLIST_FILE = YES;
				IPHONEOS_DEPLOYMENT_TARGET = 15.2;
				MARKETING_VERSION = 1.0;
				PRODUCT_BUNDLE_IDENTIFIER = "com.taboola.HomePageForYouDemoProject.Tests-iOS";
				PRODUCT_NAME = "$(TARGET_NAME)";
				SDKROOT = iphoneos;
				SWIFT_EMIT_LOC_STRINGS = NO;
				SWIFT_VERSION = 5.0;
				TARGETED_DEVICE_FAMILY = "1,2";
				TEST_TARGET_NAME = "HomePageForYouDemoProject (iOS)";
				VALIDATE_PRODUCT = YES;
			};
			name = Release;
		};
		26BD48F4283DF34500E0C48C /* Debug */ = {
			isa = XCBuildConfiguration;
			buildSettings = {
				ALWAYS_EMBED_SWIFT_STANDARD_LIBRARIES = YES;
				CODE_SIGN_STYLE = Automatic;
				CURRENT_PROJECT_VERSION = 1;
				DEVELOPMENT_TEAM = P4YBSJEM3U;
				GENERATE_INFOPLIST_FILE = YES;
				MACOSX_DEPLOYMENT_TARGET = 12.1;
				MARKETING_VERSION = 1.0;
				PRODUCT_BUNDLE_IDENTIFIER = "com.taboola.HomePageForYouDemoProject.Tests-macOS";
				PRODUCT_NAME = "$(TARGET_NAME)";
				SDKROOT = macosx;
				SWIFT_EMIT_LOC_STRINGS = NO;
				SWIFT_VERSION = 5.0;
				TEST_TARGET_NAME = "HomePageForYouDemoProject (macOS)";
			};
			name = Debug;
		};
		26BD48F5283DF34500E0C48C /* Release */ = {
			isa = XCBuildConfiguration;
			buildSettings = {
				ALWAYS_EMBED_SWIFT_STANDARD_LIBRARIES = YES;
				CODE_SIGN_STYLE = Automatic;
				CURRENT_PROJECT_VERSION = 1;
				DEVELOPMENT_TEAM = P4YBSJEM3U;
				GENERATE_INFOPLIST_FILE = YES;
				MACOSX_DEPLOYMENT_TARGET = 12.1;
				MARKETING_VERSION = 1.0;
				PRODUCT_BUNDLE_IDENTIFIER = "com.taboola.HomePageForYouDemoProject.Tests-macOS";
				PRODUCT_NAME = "$(TARGET_NAME)";
				SDKROOT = macosx;
				SWIFT_EMIT_LOC_STRINGS = NO;
				SWIFT_VERSION = 5.0;
				TEST_TARGET_NAME = "HomePageForYouDemoProject (macOS)";
			};
			name = Release;
		};
/* End XCBuildConfiguration section */

/* Begin XCConfigurationList section */
		26BD48B8283DF34300E0C48C /* Build configuration list for PBXProject "HomePageForYouDemoProject" */ = {
			isa = XCConfigurationList;
			buildConfigurations = (
				26BD48E8283DF34500E0C48C /* Debug */,
				26BD48E9283DF34500E0C48C /* Release */,
			);
			defaultConfigurationIsVisible = 0;
			defaultConfigurationName = Release;
		};
		26BD48EA283DF34500E0C48C /* Build configuration list for PBXNativeTarget "HomePageForYouDemoProject (iOS)" */ = {
			isa = XCConfigurationList;
			buildConfigurations = (
				26BD48EB283DF34500E0C48C /* Debug */,
				26BD48EC283DF34500E0C48C /* Release */,
			);
			defaultConfigurationIsVisible = 0;
			defaultConfigurationName = Release;
		};
		26BD48ED283DF34500E0C48C /* Build configuration list for PBXNativeTarget "HomePageForYouDemoProject (macOS)" */ = {
			isa = XCConfigurationList;
			buildConfigurations = (
				26BD48EE283DF34500E0C48C /* Debug */,
				26BD48EF283DF34500E0C48C /* Release */,
			);
			defaultConfigurationIsVisible = 0;
			defaultConfigurationName = Release;
		};
		26BD48F0283DF34500E0C48C /* Build configuration list for PBXNativeTarget "Tests iOS" */ = {
			isa = XCConfigurationList;
			buildConfigurations = (
				26BD48F1283DF34500E0C48C /* Debug */,
				26BD48F2283DF34500E0C48C /* Release */,
			);
			defaultConfigurationIsVisible = 0;
			defaultConfigurationName = Release;
		};
		26BD48F3283DF34500E0C48C /* Build configuration list for PBXNativeTarget "Tests macOS" */ = {
			isa = XCConfigurationList;
			buildConfigurations = (
				26BD48F4283DF34500E0C48C /* Debug */,
				26BD48F5283DF34500E0C48C /* Release */,
			);
			defaultConfigurationIsVisible = 0;
			defaultConfigurationName = Release;
		};
/* End XCConfigurationList section */
	};
	rootObject = 26BD48B5283DF34300E0C48C /* Project object */;
}
