// !$*UTF8*$!
{
	archiveVersion = 1;
	classes = {
	};
	objectVersion = 55;
	objects = {

/* Begin PBXBuildFile section */
		AC3794191062174040FC55B0 /* Pods_HomePageForYouDemoProject.framework in Frameworks */ = {isa = PBXBuildFile; fileRef = 47EE0A8F06A37A5ED09DC1E6 /* Pods_HomePageForYouDemoProject.framework */; };
		DC06916A284F57F0005A42D6 /* AppDelegate.swift in Sources */ = {isa = PBXBuildFile; fileRef = DC069169284F57F0005A42D6 /* AppDelegate.swift */; };
		DC06916C284F57F0005A42D6 /* SceneDelegate.swift in Sources */ = {isa = PBXBuildFile; fileRef = DC06916B284F57F0005A42D6 /* SceneDelegate.swift */; };
		DC06916E284F57F0005A42D6 /* ViewController.swift in Sources */ = {isa = PBXBuildFile; fileRef = DC06916D284F57F0005A42D6 /* ViewController.swift */; };
		DC069171284F57F0005A42D6 /* Main.storyboard in Resources */ = {isa = PBXBuildFile; fileRef = DC06916F284F57F0005A42D6 /* Main.storyboard */; };
		DC069173284F57F1005A42D6 /* Assets.xcassets in Resources */ = {isa = PBXBuildFile; fileRef = DC069172284F57F1005A42D6 /* Assets.xcassets */; };
		DC069176284F57F1005A42D6 /* LaunchScreen.storyboard in Resources */ = {isa = PBXBuildFile; fileRef = DC069174284F57F1005A42D6 /* LaunchScreen.storyboard */; };
		DC06917F284F59F4005A42D6 /* AppInformation.swift in Sources */ = {isa = PBXBuildFile; fileRef = DC06917D284F59F4005A42D6 /* AppInformation.swift */; };
		DC069180284F59F4005A42D6 /* Constants.swift in Sources */ = {isa = PBXBuildFile; fileRef = DC06917E284F59F4005A42D6 /* Constants.swift */; };
		DC069183284F60AD005A42D6 /* HomePageDataSource.swift in Sources */ = {isa = PBXBuildFile; fileRef = DC069182284F60AD005A42D6 /* HomePageDataSource.swift */; };
		DC455820286AE35B00748219 /* SettingsTableViewController.swift in Sources */ = {isa = PBXBuildFile; fileRef = DC45581F286AE35B00748219 /* SettingsTableViewController.swift */; };
		DC455822287603BB00748219 /* UIView+extension.swift in Sources */ = {isa = PBXBuildFile; fileRef = DC455821287603BB00748219 /* UIView+extension.swift */; };
		DC455824287603EB00748219 /* UIImage+extension.swift in Sources */ = {isa = PBXBuildFile; fileRef = DC455823287603EB00748219 /* UIImage+extension.swift */; };
		DC45582628761FAE00748219 /* ArticleViewController.swift in Sources */ = {isa = PBXBuildFile; fileRef = DC45582528761FAE00748219 /* ArticleViewController.swift */; };
		DC4558282877050B00748219 /* UIViewController+extension.swift in Sources */ = {isa = PBXBuildFile; fileRef = DC4558272877050B00748219 /* UIViewController+extension.swift */; };
		DC45582A28781FB300748219 /* HomePageArticles.json in Resources */ = {isa = PBXBuildFile; fileRef = DC45582928781FB200748219 /* HomePageArticles.json */; };
		DC6CF16D2879A9A9008EC3CF /* Collection+extension.swift in Sources */ = {isa = PBXBuildFile; fileRef = DC6CF16C2879A9A9008EC3CF /* Collection+extension.swift */; };
		DC6CF16F2879A9C8008EC3CF /* Data+extension.swift in Sources */ = {isa = PBXBuildFile; fileRef = DC6CF16E2879A9C7008EC3CF /* Data+extension.swift */; };
		DC778834286443A800EE047C /* SettingsViewController.swift in Sources */ = {isa = PBXBuildFile; fileRef = DC778833286443A800EE047C /* SettingsViewController.swift */; };
		DCDF310028531AF300886E55 /* TopicHeaderHeaderView.swift in Sources */ = {isa = PBXBuildFile; fileRef = DCDF30FF28531AF300886E55 /* TopicHeaderHeaderView.swift */; };
		DCE09DC2284F6820000A01D9 /* TopNewsCollectionViewCell.swift in Sources */ = {isa = PBXBuildFile; fileRef = DCE09DC1284F6820000A01D9 /* TopNewsCollectionViewCell.swift */; };
/* End PBXBuildFile section */

/* Begin PBXFileReference section */
		47EE0A8F06A37A5ED09DC1E6 /* Pods_HomePageForYouDemoProject.framework */ = {isa = PBXFileReference; explicitFileType = wrapper.framework; includeInIndex = 0; path = Pods_HomePageForYouDemoProject.framework; sourceTree = BUILT_PRODUCTS_DIR; };
		7B9FE020636F3866EE5E0E9A /* Pods-HomePageForYouDemoProject.debug.xcconfig */ = {isa = PBXFileReference; includeInIndex = 1; lastKnownFileType = text.xcconfig; name = "Pods-HomePageForYouDemoProject.debug.xcconfig"; path = "Target Support Files/Pods-HomePageForYouDemoProject/Pods-HomePageForYouDemoProject.debug.xcconfig"; sourceTree = "<group>"; };
		8CF2F83CF25124D21590A18A /* Pods-HomePageForYouDemoProject.release.xcconfig */ = {isa = PBXFileReference; includeInIndex = 1; lastKnownFileType = text.xcconfig; name = "Pods-HomePageForYouDemoProject.release.xcconfig"; path = "Target Support Files/Pods-HomePageForYouDemoProject/Pods-HomePageForYouDemoProject.release.xcconfig"; sourceTree = "<group>"; };
		DC069166284F57F0005A42D6 /* HomePageForYouDemoProject.app */ = {isa = PBXFileReference; explicitFileType = wrapper.application; includeInIndex = 0; path = HomePageForYouDemoProject.app; sourceTree = BUILT_PRODUCTS_DIR; };
		DC069169284F57F0005A42D6 /* AppDelegate.swift */ = {isa = PBXFileReference; lastKnownFileType = sourcecode.swift; path = AppDelegate.swift; sourceTree = "<group>"; };
		DC06916B284F57F0005A42D6 /* SceneDelegate.swift */ = {isa = PBXFileReference; lastKnownFileType = sourcecode.swift; path = SceneDelegate.swift; sourceTree = "<group>"; };
		DC06916D284F57F0005A42D6 /* ViewController.swift */ = {isa = PBXFileReference; lastKnownFileType = sourcecode.swift; path = ViewController.swift; sourceTree = "<group>"; };
		DC069170284F57F0005A42D6 /* Base */ = {isa = PBXFileReference; lastKnownFileType = file.storyboard; name = Base; path = Base.lproj/Main.storyboard; sourceTree = "<group>"; };
		DC069172284F57F1005A42D6 /* Assets.xcassets */ = {isa = PBXFileReference; lastKnownFileType = folder.assetcatalog; path = Assets.xcassets; sourceTree = "<group>"; };
		DC069175284F57F1005A42D6 /* Base */ = {isa = PBXFileReference; lastKnownFileType = file.storyboard; name = Base; path = Base.lproj/LaunchScreen.storyboard; sourceTree = "<group>"; };
		DC069177284F57F1005A42D6 /* Info.plist */ = {isa = PBXFileReference; lastKnownFileType = text.plist.xml; path = Info.plist; sourceTree = "<group>"; };
		DC06917D284F59F4005A42D6 /* AppInformation.swift */ = {isa = PBXFileReference; fileEncoding = 4; lastKnownFileType = sourcecode.swift; path = AppInformation.swift; sourceTree = "<group>"; };
		DC06917E284F59F4005A42D6 /* Constants.swift */ = {isa = PBXFileReference; fileEncoding = 4; lastKnownFileType = sourcecode.swift; path = Constants.swift; sourceTree = "<group>"; };
		DC069182284F60AD005A42D6 /* HomePageDataSource.swift */ = {isa = PBXFileReference; lastKnownFileType = sourcecode.swift; path = HomePageDataSource.swift; sourceTree = "<group>"; };
		DC45581F286AE35B00748219 /* SettingsTableViewController.swift */ = {isa = PBXFileReference; lastKnownFileType = sourcecode.swift; path = SettingsTableViewController.swift; sourceTree = "<group>"; };
		DC455821287603BB00748219 /* UIView+extension.swift */ = {isa = PBXFileReference; lastKnownFileType = sourcecode.swift; path = "UIView+extension.swift"; sourceTree = "<group>"; };
		DC455823287603EB00748219 /* UIImage+extension.swift */ = {isa = PBXFileReference; lastKnownFileType = sourcecode.swift; path = "UIImage+extension.swift"; sourceTree = "<group>"; };
		DC45582528761FAE00748219 /* ArticleViewController.swift */ = {isa = PBXFileReference; lastKnownFileType = sourcecode.swift; path = ArticleViewController.swift; sourceTree = "<group>"; };
		DC4558272877050B00748219 /* UIViewController+extension.swift */ = {isa = PBXFileReference; lastKnownFileType = sourcecode.swift; path = "UIViewController+extension.swift"; sourceTree = "<group>"; };
		DC45582928781FB200748219 /* HomePageArticles.json */ = {isa = PBXFileReference; fileEncoding = 4; lastKnownFileType = text.json; path = HomePageArticles.json; sourceTree = "<group>"; };
		DC6CF16C2879A9A9008EC3CF /* Collection+extension.swift */ = {isa = PBXFileReference; lastKnownFileType = sourcecode.swift; path = "Collection+extension.swift"; sourceTree = "<group>"; };
		DC6CF16E2879A9C7008EC3CF /* Data+extension.swift */ = {isa = PBXFileReference; lastKnownFileType = sourcecode.swift; path = "Data+extension.swift"; sourceTree = "<group>"; };
		DC778833286443A800EE047C /* SettingsViewController.swift */ = {isa = PBXFileReference; lastKnownFileType = sourcecode.swift; path = SettingsViewController.swift; sourceTree = "<group>"; };
		DCDF30FF28531AF300886E55 /* TopicHeaderHeaderView.swift */ = {isa = PBXFileReference; lastKnownFileType = sourcecode.swift; path = TopicHeaderHeaderView.swift; sourceTree = "<group>"; };
		DCE09DC1284F6820000A01D9 /* TopNewsCollectionViewCell.swift */ = {isa = PBXFileReference; lastKnownFileType = sourcecode.swift; path = TopNewsCollectionViewCell.swift; sourceTree = "<group>"; };
/* End PBXFileReference section */

/* Begin PBXFrameworksBuildPhase section */
		DC069163284F57F0005A42D6 /* Frameworks */ = {
			isa = PBXFrameworksBuildPhase;
			buildActionMask = 2147483647;
			files = (
				AC3794191062174040FC55B0 /* Pods_HomePageForYouDemoProject.framework in Frameworks */,
			);
			runOnlyForDeploymentPostprocessing = 0;
		};
/* End PBXFrameworksBuildPhase section */

/* Begin PBXGroup section */
		DC06915D284F57F0005A42D6 = {
			isa = PBXGroup;
			children = (
				DC069168284F57F0005A42D6 /* HomePageForYouDemoProject */,
				DC069167284F57F0005A42D6 /* Products */,
				FF4600A346CF908DA3B63B3D /* Pods */,
				FB7E156C2E4E85264865B5C3 /* Frameworks */,
			);
			sourceTree = "<group>";
		};
		DC069167284F57F0005A42D6 /* Products */ = {
			isa = PBXGroup;
			children = (
				DC069166284F57F0005A42D6 /* HomePageForYouDemoProject.app */,
			);
			name = Products;
			sourceTree = "<group>";
		};
		DC069168284F57F0005A42D6 /* HomePageForYouDemoProject */ = {
			isa = PBXGroup;
			children = (
				DC06916D284F57F0005A42D6 /* ViewController.swift */,
				DCDF30FF28531AF300886E55 /* TopicHeaderHeaderView.swift */,
				DC069182284F60AD005A42D6 /* HomePageDataSource.swift */,
				DC6CF16E2879A9C7008EC3CF /* Data+extension.swift */,
				DC778833286443A800EE047C /* SettingsViewController.swift */,
				DC45581F286AE35B00748219 /* SettingsTableViewController.swift */,
				DC06917D284F59F4005A42D6 /* AppInformation.swift */,
				DCE09DC1284F6820000A01D9 /* TopNewsCollectionViewCell.swift */,
				DC4558272877050B00748219 /* UIViewController+extension.swift */,
				DC455823287603EB00748219 /* UIImage+extension.swift */,
				DC455821287603BB00748219 /* UIView+extension.swift */,
				DC6CF16C2879A9A9008EC3CF /* Collection+extension.swift */,
				DC06917E284F59F4005A42D6 /* Constants.swift */,
				DC06916F284F57F0005A42D6 /* Main.storyboard */,
				DC45582528761FAE00748219 /* ArticleViewController.swift */,
				DC45582928781FB200748219 /* HomePageArticles.json */,
				DC069181284F5B0C005A42D6 /* Supporting files */,
			);
			path = HomePageForYouDemoProject;
			sourceTree = "<group>";
		};
		DC069181284F5B0C005A42D6 /* Supporting files */ = {
			isa = PBXGroup;
			children = (
				DC069169284F57F0005A42D6 /* AppDelegate.swift */,
				DC06916B284F57F0005A42D6 /* SceneDelegate.swift */,
				DC069172284F57F1005A42D6 /* Assets.xcassets */,
				DC069174284F57F1005A42D6 /* LaunchScreen.storyboard */,
				DC069177284F57F1005A42D6 /* Info.plist */,
			);
			path = "Supporting files";
			sourceTree = "<group>";
		};
		FB7E156C2E4E85264865B5C3 /* Frameworks */ = {
			isa = PBXGroup;
			children = (
				47EE0A8F06A37A5ED09DC1E6 /* Pods_HomePageForYouDemoProject.framework */,
			);
			name = Frameworks;
			sourceTree = "<group>";
		};
		FF4600A346CF908DA3B63B3D /* Pods */ = {
			isa = PBXGroup;
			children = (
				7B9FE020636F3866EE5E0E9A /* Pods-HomePageForYouDemoProject.debug.xcconfig */,
				8CF2F83CF25124D21590A18A /* Pods-HomePageForYouDemoProject.release.xcconfig */,
			);
			path = Pods;
			sourceTree = "<group>";
		};
/* End PBXGroup section */

/* Begin PBXNativeTarget section */
		DC069165284F57F0005A42D6 /* HomePageForYouDemoProject */ = {
			isa = PBXNativeTarget;
			buildConfigurationList = DC06917A284F57F1005A42D6 /* Build configuration list for PBXNativeTarget "HomePageForYouDemoProject" */;
			buildPhases = (
				D25BC2AC512DC1CACE03CA8A /* [CP] Check Pods Manifest.lock */,
				DC069162284F57F0005A42D6 /* Sources */,
				DC069163284F57F0005A42D6 /* Frameworks */,
				DC069164284F57F0005A42D6 /* Resources */,
				7029E9EDE99752E97D0D6CB9 /* [CP] Embed Pods Frameworks */,
			);
			buildRules = (
			);
			dependencies = (
			);
			name = HomePageForYouDemoProject;
			productName = HomePageForYouDemoProject;
			productReference = DC069166284F57F0005A42D6 /* HomePageForYouDemoProject.app */;
			productType = "com.apple.product-type.application";
		};
/* End PBXNativeTarget section */

/* Begin PBXProject section */
		DC06915E284F57F0005A42D6 /* Project object */ = {
			isa = PBXProject;
			attributes = {
				BuildIndependentTargetsInParallel = 1;
				LastSwiftUpdateCheck = 1340;
				LastUpgradeCheck = 1340;
				TargetAttributes = {
					DC069165284F57F0005A42D6 = {
						CreatedOnToolsVersion = 13.4;
					};
				};
			};
			buildConfigurationList = DC069161284F57F0005A42D6 /* Build configuration list for PBXProject "HomePageForYouDemoProject" */;
			compatibilityVersion = "Xcode 13.0";
			developmentRegion = en;
			hasScannedForEncodings = 0;
			knownRegions = (
				en,
				Base,
			);
			mainGroup = DC06915D284F57F0005A42D6;
			productRefGroup = DC069167284F57F0005A42D6 /* Products */;
			projectDirPath = "";
			projectRoot = "";
			targets = (
				DC069165284F57F0005A42D6 /* HomePageForYouDemoProject */,
			);
		};
/* End PBXProject section */

/* Begin PBXResourcesBuildPhase section */
		DC069164284F57F0005A42D6 /* Resources */ = {
			isa = PBXResourcesBuildPhase;
			buildActionMask = 2147483647;
			files = (
				DC069176284F57F1005A42D6 /* LaunchScreen.storyboard in Resources */,
				DC069173284F57F1005A42D6 /* Assets.xcassets in Resources */,
				DC45582A28781FB300748219 /* HomePageArticles.json in Resources */,
				DC069171284F57F0005A42D6 /* Main.storyboard in Resources */,
			);
			runOnlyForDeploymentPostprocessing = 0;
		};
/* End PBXResourcesBuildPhase section */

/* Begin PBXShellScriptBuildPhase section */
		7029E9EDE99752E97D0D6CB9 /* [CP] Embed Pods Frameworks */ = {
			isa = PBXShellScriptBuildPhase;
			buildActionMask = 2147483647;
			files = (
			);
			inputFileListPaths = (
				"${PODS_ROOT}/Target Support Files/Pods-HomePageForYouDemoProject/Pods-HomePageForYouDemoProject-frameworks-${CONFIGURATION}-input-files.xcfilelist",
			);
			name = "[CP] Embed Pods Frameworks";
			outputFileListPaths = (
				"${PODS_ROOT}/Target Support Files/Pods-HomePageForYouDemoProject/Pods-HomePageForYouDemoProject-frameworks-${CONFIGURATION}-output-files.xcfilelist",
			);
			runOnlyForDeploymentPostprocessing = 0;
			shellPath = /bin/sh;
			shellScript = "\"${PODS_ROOT}/Target Support Files/Pods-HomePageForYouDemoProject/Pods-HomePageForYouDemoProject-frameworks.sh\"\n";
			showEnvVarsInLog = 0;
		};
		D25BC2AC512DC1CACE03CA8A /* [CP] Check Pods Manifest.lock */ = {
			isa = PBXShellScriptBuildPhase;
			buildActionMask = 2147483647;
			files = (
			);
			inputFileListPaths = (
			);
			inputPaths = (
				"${PODS_PODFILE_DIR_PATH}/Podfile.lock",
				"${PODS_ROOT}/Manifest.lock",
			);
			name = "[CP] Check Pods Manifest.lock";
			outputFileListPaths = (
			);
			outputPaths = (
				"$(DERIVED_FILE_DIR)/Pods-HomePageForYouDemoProject-checkManifestLockResult.txt",
			);
			runOnlyForDeploymentPostprocessing = 0;
			shellPath = /bin/sh;
			shellScript = "diff \"${PODS_PODFILE_DIR_PATH}/Podfile.lock\" \"${PODS_ROOT}/Manifest.lock\" > /dev/null\nif [ $? != 0 ] ; then\n    # print error to STDERR\n    echo \"error: The sandbox is not in sync with the Podfile.lock. Run 'pod install' or update your CocoaPods installation.\" >&2\n    exit 1\nfi\n# This output is used by Xcode 'outputs' to avoid re-running this script phase.\necho \"SUCCESS\" > \"${SCRIPT_OUTPUT_FILE_0}\"\n";
			showEnvVarsInLog = 0;
		};
/* End PBXShellScriptBuildPhase section */

/* Begin PBXSourcesBuildPhase section */
		DC069162284F57F0005A42D6 /* Sources */ = {
			isa = PBXSourcesBuildPhase;
			buildActionMask = 2147483647;
			files = (
				DC069183284F60AD005A42D6 /* HomePageDataSource.swift in Sources */,
				DC069180284F59F4005A42D6 /* Constants.swift in Sources */,
				DC4558282877050B00748219 /* UIViewController+extension.swift in Sources */,
				DCDF310028531AF300886E55 /* TopicHeaderHeaderView.swift in Sources */,
				DC455824287603EB00748219 /* UIImage+extension.swift in Sources */,
				DC778834286443A800EE047C /* SettingsViewController.swift in Sources */,
				DC6CF16F2879A9C8008EC3CF /* Data+extension.swift in Sources */,
				DC06916E284F57F0005A42D6 /* ViewController.swift in Sources */,
				DCE09DC2284F6820000A01D9 /* TopNewsCollectionViewCell.swift in Sources */,
				DC455820286AE35B00748219 /* SettingsTableViewController.swift in Sources */,
				DC06916A284F57F0005A42D6 /* AppDelegate.swift in Sources */,
				DC06917F284F59F4005A42D6 /* AppInformation.swift in Sources */,
				DC45582628761FAE00748219 /* ArticleViewController.swift in Sources */,
				DC06916C284F57F0005A42D6 /* SceneDelegate.swift in Sources */,
				DC455822287603BB00748219 /* UIView+extension.swift in Sources */,
				DC6CF16D2879A9A9008EC3CF /* Collection+extension.swift in Sources */,
			);
			runOnlyForDeploymentPostprocessing = 0;
		};
/* End PBXSourcesBuildPhase section */

/* Begin PBXVariantGroup section */
		DC06916F284F57F0005A42D6 /* Main.storyboard */ = {
			isa = PBXVariantGroup;
			children = (
				DC069170284F57F0005A42D6 /* Base */,
			);
			name = Main.storyboard;
			sourceTree = "<group>";
		};
		DC069174284F57F1005A42D6 /* LaunchScreen.storyboard */ = {
			isa = PBXVariantGroup;
			children = (
				DC069175284F57F1005A42D6 /* Base */,
			);
			name = LaunchScreen.storyboard;
			sourceTree = "<group>";
		};
/* End PBXVariantGroup section */

/* Begin XCBuildConfiguration section */
		DC069178284F57F1005A42D6 /* Debug */ = {
			isa = XCBuildConfiguration;
			buildSettings = {
				ALWAYS_SEARCH_USER_PATHS = NO;
				CLANG_ANALYZER_NONNULL = YES;
				CLANG_ANALYZER_NUMBER_OBJECT_CONVERSION = YES_AGGRESSIVE;
				CLANG_CXX_LANGUAGE_STANDARD = "gnu++17";
				CLANG_ENABLE_MODULES = YES;
				CLANG_ENABLE_OBJC_ARC = YES;
				CLANG_ENABLE_OBJC_WEAK = YES;
				CLANG_WARN_BLOCK_CAPTURE_AUTORELEASING = YES;
				CLANG_WARN_BOOL_CONVERSION = YES;
				CLANG_WARN_COMMA = YES;
				CLANG_WARN_CONSTANT_CONVERSION = YES;
				CLANG_WARN_DEPRECATED_OBJC_IMPLEMENTATIONS = YES;
				CLANG_WARN_DIRECT_OBJC_ISA_USAGE = YES_ERROR;
				CLANG_WARN_DOCUMENTATION_COMMENTS = YES;
				CLANG_WARN_EMPTY_BODY = YES;
				CLANG_WARN_ENUM_CONVERSION = YES;
				CLANG_WARN_INFINITE_RECURSION = YES;
				CLANG_WARN_INT_CONVERSION = YES;
				CLANG_WARN_NON_LITERAL_NULL_CONVERSION = YES;
				CLANG_WARN_OBJC_IMPLICIT_RETAIN_SELF = YES;
				CLANG_WARN_OBJC_LITERAL_CONVERSION = YES;
				CLANG_WARN_OBJC_ROOT_CLASS = YES_ERROR;
				CLANG_WARN_QUOTED_INCLUDE_IN_FRAMEWORK_HEADER = YES;
				CLANG_WARN_RANGE_LOOP_ANALYSIS = YES;
				CLANG_WARN_STRICT_PROTOTYPES = YES;
				CLANG_WARN_SUSPICIOUS_MOVE = YES;
				CLANG_WARN_UNGUARDED_AVAILABILITY = YES_AGGRESSIVE;
				CLANG_WARN_UNREACHABLE_CODE = YES;
				CLANG_WARN__DUPLICATE_METHOD_MATCH = YES;
				COPY_PHASE_STRIP = NO;
				DEBUG_INFORMATION_FORMAT = dwarf;
				ENABLE_STRICT_OBJC_MSGSEND = YES;
				ENABLE_TESTABILITY = YES;
				GCC_C_LANGUAGE_STANDARD = gnu11;
				GCC_DYNAMIC_NO_PIC = NO;
				GCC_NO_COMMON_BLOCKS = YES;
				GCC_OPTIMIZATION_LEVEL = 0;
				GCC_PREPROCESSOR_DEFINITIONS = (
					"DEBUG=1",
					"$(inherited)",
				);
				GCC_WARN_64_TO_32_BIT_CONVERSION = YES;
				GCC_WARN_ABOUT_RETURN_TYPE = YES_ERROR;
				GCC_WARN_UNDECLARED_SELECTOR = YES;
				GCC_WARN_UNINITIALIZED_AUTOS = YES_AGGRESSIVE;
				GCC_WARN_UNUSED_FUNCTION = YES;
				GCC_WARN_UNUSED_VARIABLE = YES;
				IPHONEOS_DEPLOYMENT_TARGET = 15.5;
				MTL_ENABLE_DEBUG_INFO = INCLUDE_SOURCE;
				MTL_FAST_MATH = YES;
				ONLY_ACTIVE_ARCH = YES;
				SDKROOT = iphoneos;
				SWIFT_ACTIVE_COMPILATION_CONDITIONS = DEBUG;
				SWIFT_OPTIMIZATION_LEVEL = "-Onone";
			};
			name = Debug;
		};
		DC069179284F57F1005A42D6 /* Release */ = {
			isa = XCBuildConfiguration;
			buildSettings = {
				ALWAYS_SEARCH_USER_PATHS = NO;
				CLANG_ANALYZER_NONNULL = YES;
				CLANG_ANALYZER_NUMBER_OBJECT_CONVERSION = YES_AGGRESSIVE;
				CLANG_CXX_LANGUAGE_STANDARD = "gnu++17";
				CLANG_ENABLE_MODULES = YES;
				CLANG_ENABLE_OBJC_ARC = YES;
				CLANG_ENABLE_OBJC_WEAK = YES;
				CLANG_WARN_BLOCK_CAPTURE_AUTORELEASING = YES;
				CLANG_WARN_BOOL_CONVERSION = YES;
				CLANG_WARN_COMMA = YES;
				CLANG_WARN_CONSTANT_CONVERSION = YES;
				CLANG_WARN_DEPRECATED_OBJC_IMPLEMENTATIONS = YES;
				CLANG_WARN_DIRECT_OBJC_ISA_USAGE = YES_ERROR;
				CLANG_WARN_DOCUMENTATION_COMMENTS = YES;
				CLANG_WARN_EMPTY_BODY = YES;
				CLANG_WARN_ENUM_CONVERSION = YES;
				CLANG_WARN_INFINITE_RECURSION = YES;
				CLANG_WARN_INT_CONVERSION = YES;
				CLANG_WARN_NON_LITERAL_NULL_CONVERSION = YES;
				CLANG_WARN_OBJC_IMPLICIT_RETAIN_SELF = YES;
				CLANG_WARN_OBJC_LITERAL_CONVERSION = YES;
				CLANG_WARN_OBJC_ROOT_CLASS = YES_ERROR;
				CLANG_WARN_QUOTED_INCLUDE_IN_FRAMEWORK_HEADER = YES;
				CLANG_WARN_RANGE_LOOP_ANALYSIS = YES;
				CLANG_WARN_STRICT_PROTOTYPES = YES;
				CLANG_WARN_SUSPICIOUS_MOVE = YES;
				CLANG_WARN_UNGUARDED_AVAILABILITY = YES_AGGRESSIVE;
				CLANG_WARN_UNREACHABLE_CODE = YES;
				CLANG_WARN__DUPLICATE_METHOD_MATCH = YES;
				COPY_PHASE_STRIP = NO;
				DEBUG_INFORMATION_FORMAT = "dwarf-with-dsym";
				ENABLE_NS_ASSERTIONS = NO;
				ENABLE_STRICT_OBJC_MSGSEND = YES;
				GCC_C_LANGUAGE_STANDARD = gnu11;
				GCC_NO_COMMON_BLOCKS = YES;
				GCC_WARN_64_TO_32_BIT_CONVERSION = YES;
				GCC_WARN_ABOUT_RETURN_TYPE = YES_ERROR;
				GCC_WARN_UNDECLARED_SELECTOR = YES;
				GCC_WARN_UNINITIALIZED_AUTOS = YES_AGGRESSIVE;
				GCC_WARN_UNUSED_FUNCTION = YES;
				GCC_WARN_UNUSED_VARIABLE = YES;
				IPHONEOS_DEPLOYMENT_TARGET = 15.5;
				MTL_ENABLE_DEBUG_INFO = NO;
				MTL_FAST_MATH = YES;
				SDKROOT = iphoneos;
				SWIFT_COMPILATION_MODE = wholemodule;
				SWIFT_OPTIMIZATION_LEVEL = "-O";
				VALIDATE_PRODUCT = YES;
			};
			name = Release;
		};
		DC06917B284F57F1005A42D6 /* Debug */ = {
			isa = XCBuildConfiguration;
			baseConfigurationReference = 7B9FE020636F3866EE5E0E9A /* Pods-HomePageForYouDemoProject.debug.xcconfig */;
			buildSettings = {
				ASSETCATALOG_COMPILER_APPICON_NAME = AppIcon;
				ASSETCATALOG_COMPILER_GLOBAL_ACCENT_COLOR_NAME = AccentColor;
				CODE_SIGN_STYLE = Automatic;
				CURRENT_PROJECT_VERSION = 1;
				DEVELOPMENT_TEAM = P4YBSJEM3U;
				GENERATE_INFOPLIST_FILE = YES;
				INFOPLIST_FILE = "HomePageForYouDemoProject/Supporting files/Info.plist";
				INFOPLIST_KEY_UIApplicationSupportsIndirectInputEvents = YES;
				INFOPLIST_KEY_UILaunchStoryboardName = LaunchScreen;
				INFOPLIST_KEY_UIMainStoryboardFile = Main;
				INFOPLIST_KEY_UISupportedInterfaceOrientations = UIInterfaceOrientationPortrait;
				INFOPLIST_KEY_UISupportedInterfaceOrientations_iPad = UIInterfaceOrientationPortrait;
				INFOPLIST_KEY_UISupportedInterfaceOrientations_iPhone = "UIInterfaceOrientationPortrait UIInterfaceOrientationLandscapeLeft UIInterfaceOrientationLandscapeRight";
				IPHONEOS_DEPLOYMENT_TARGET = 14.0;
				LD_RUNPATH_SEARCH_PATHS = (
					"$(inherited)",
					"@executable_path/Frameworks",
				);
				MARKETING_VERSION = 1.0;
				PRODUCT_BUNDLE_IDENTIFIER = com.taboola.HomePageForYouDemoProject;
				PRODUCT_NAME = "$(TARGET_NAME)";
				SWIFT_EMIT_LOC_STRINGS = YES;
				SWIFT_VERSION = 5.0;
				TARGETED_DEVICE_FAMILY = 1;
			};
			name = Debug;
		};
		DC06917C284F57F1005A42D6 /* Release */ = {
			isa = XCBuildConfiguration;
			baseConfigurationReference = 8CF2F83CF25124D21590A18A /* Pods-HomePageForYouDemoProject.release.xcconfig */;
			buildSettings = {
				ASSETCATALOG_COMPILER_APPICON_NAME = AppIcon;
				ASSETCATALOG_COMPILER_GLOBAL_ACCENT_COLOR_NAME = AccentColor;
				CODE_SIGN_STYLE = Automatic;
				CURRENT_PROJECT_VERSION = 1;
				DEVELOPMENT_TEAM = P4YBSJEM3U;
				GENERATE_INFOPLIST_FILE = YES;
				INFOPLIST_FILE = "HomePageForYouDemoProject/Supporting files/Info.plist";
				INFOPLIST_KEY_UIApplicationSupportsIndirectInputEvents = YES;
				INFOPLIST_KEY_UILaunchStoryboardName = LaunchScreen;
				INFOPLIST_KEY_UIMainStoryboardFile = Main;
				INFOPLIST_KEY_UISupportedInterfaceOrientations = UIInterfaceOrientationPortrait;
				INFOPLIST_KEY_UISupportedInterfaceOrientations_iPad = UIInterfaceOrientationPortrait;
				INFOPLIST_KEY_UISupportedInterfaceOrientations_iPhone = "UIInterfaceOrientationPortrait UIInterfaceOrientationLandscapeLeft UIInterfaceOrientationLandscapeRight";
				IPHONEOS_DEPLOYMENT_TARGET = 14.0;
				LD_RUNPATH_SEARCH_PATHS = (
					"$(inherited)",
					"@executable_path/Frameworks",
				);
				MARKETING_VERSION = 1.0;
				PRODUCT_BUNDLE_IDENTIFIER = com.taboola.HomePageForYouDemoProject;
				PRODUCT_NAME = "$(TARGET_NAME)";
				SWIFT_EMIT_LOC_STRINGS = YES;
				SWIFT_VERSION = 5.0;
				TARGETED_DEVICE_FAMILY = 1;
			};
			name = Release;
		};
/* End XCBuildConfiguration section */

/* Begin XCConfigurationList section */
		DC069161284F57F0005A42D6 /* Build configuration list for PBXProject "HomePageForYouDemoProject" */ = {
			isa = XCConfigurationList;
			buildConfigurations = (
				DC069178284F57F1005A42D6 /* Debug */,
				DC069179284F57F1005A42D6 /* Release */,
			);
			defaultConfigurationIsVisible = 0;
			defaultConfigurationName = Release;
		};
		DC06917A284F57F1005A42D6 /* Build configuration list for PBXNativeTarget "HomePageForYouDemoProject" */ = {
			isa = XCConfigurationList;
			buildConfigurations = (
				DC06917B284F57F1005A42D6 /* Debug */,
				DC06917C284F57F1005A42D6 /* Release */,
			);
			defaultConfigurationIsVisible = 0;
			defaultConfigurationName = Release;
		};
/* End XCConfigurationList section */
	};
	rootObject = DC06915E284F57F0005A42D6 /* Project object */;
}
